# THIS IS AN AUTOGENERATED FILE. DO NOT EDIT THIS FILE DIRECTLY.
# yarn lockfile v1


"@steedos-labs/contract@2.1.61":
  version "2.1.61"
  resolved "https://registry.yarnpkg.com/@steedos-labs/contract/-/contract-2.1.61.tgz#6534f8ed3857826fb9b019004dad97a03aefedb9"
  integrity sha512-/6HGCTkNaWUhGmueYBwf0YK4i2f7OVIqpdTsEQwvhbNZhT3afgwP1xdItX+5NdqHitE/rRCFOqL1lDWVQk32Uw==

"@steedos-labs/master@2.1.61":
  version "2.1.61"
  resolved "https://registry.yarnpkg.com/@steedos-labs/master/-/master-2.1.61.tgz#d81a1207a64a30e0f3b32c27e7d04d69fc5a76a4"
  integrity sha512-HbDccgiQVjc2GN5U/KSQ3tuhvpUrPSjPX3IfpIb9/yaYiZb+CGDPgORKo7FWDwSO6IEL8KHZRRGTJqtb4MZnCw==

"@steedos-labs/oa@2.1.61":
  version "2.1.61"
  resolved "https://registry.yarnpkg.com/@steedos-labs/oa/-/oa-2.1.61.tgz#eb8884518961005ab82ccbd230f41010edc3a959"
  integrity sha512-2BEUtmRs0qBLcfuQA9Ou0b8srcEquSo0CdpEMxfV/bLjyWJs+xS1bwcmNVGJeMRHgw9NHroMln7hAhBOQRiQvg==

"@steedos-labs/workflow@2.1.61":
  version "2.1.61"
  resolved "https://registry.yarnpkg.com/@steedos-labs/workflow/-/workflow-2.1.61.tgz#3e60950253ed96d5542f48cf7384300a6984a850"
  integrity sha512-CNqIn7Ssq82j6PDyd39nGrebHKE9HEenxscLvgO/cZqPW6EitZ0DTZrKSZkEblw1iwww97LzXpQFFSiL+v5Nrg==
