# THIS IS AN AUTOGENERATED FILE. DO NOT EDIT THIS FILE DIRECTLY.
# yarn lockfile v1


"@steedos-labs/contract@2.1.62":
  version "2.1.62"
  resolved "https://registry.yarnpkg.com/@steedos-labs/contract/-/contract-2.1.62.tgz#f43c197bc5153e78e3607cd5d1b41110c23bbfae"
  integrity sha512-Mdu4/Nb52MfjdtL30uhnYCx/1k0QIhQ/e8sj8vOMdq2T11GuUqMFTVq8PDhCLnChy5Jmrjsz6zKjmaIp05zppw==

"@steedos-labs/master@2.1.62":
  version "2.1.62"
  resolved "https://registry.yarnpkg.com/@steedos-labs/master/-/master-2.1.62.tgz#036cb4f0901bb0709b247e968c8cc90a212193c8"
  integrity sha512-Dr3YuNwcHWf+97LTO3n/yQtFSaO39WNXL3yP3G9lV9iaDc0iJVgALMFDB7/PQlYnSU9BwjlPiUpsyVHy3jNN0w==

"@steedos-labs/oa@2.1.62":
  version "2.1.62"
  resolved "https://registry.yarnpkg.com/@steedos-labs/oa/-/oa-2.1.62.tgz#e9a7c20ac97bcaed24ce80cd97741916793324a5"
  integrity sha512-sVaLl4Cw9nhhYucViyNv99GG2CXb67nqZdvMjmiIpyiLuOPFtITTZUv8DeqcTds2GOQcgypIN93TnAx+ol/IhQ==

"@steedos-labs/project@2.1.62":
  version "2.1.62"
  resolved "https://registry.yarnpkg.com/@steedos-labs/project/-/project-2.1.62.tgz#18ebafd383bb3b4814d6da96697202645ad47a57"
  integrity sha512-MvLijB5UsxbfAtIzO1uxM1DWDgQ2XDGx8r+hHp4AA0ZmpZ160kkCaNtZAvVQiWWjzH8Tws9uJ4i2r5758fThBQ==

"@steedos-labs/workflow@2.1.62":
  version "2.1.62"
  resolved "https://registry.yarnpkg.com/@steedos-labs/workflow/-/workflow-2.1.62.tgz#866fe1da07fe6a1408812f442422ed6314701eb1"
  integrity sha512-vqLCWDQzcbCeYqNQYaGzj8E0LOrprJ24LiPoRILXg2GWrjqgiQEkYhud0yFzP0jB6TBn2HXikibxQJ6fHyzC2A==
