# THIS IS AN AUTOGENERATED FILE. DO NOT EDIT THIS FILE DIRECTLY.
# yarn lockfile v1


"@steedos-labs/master@2.1.46":
  version "2.1.46"
  resolved "https://registry.npmmirror.com/@steedos-labs/master/download/@steedos-labs/master-2.1.46.tgz#a99d1a85266a2fcc7a68a5f63efbeda82ff53589"
  integrity sha512-ww6U7rsDxzLWyyFPXZ93vUQEqXVW7OOylOgoOB/ytnKpkpETrrn8G/i4rcDI1zUPqEb/ZFDz63mBfj4tYiaL8w==

"@steedos-labs/oa@2.1.46":
  version "2.1.46"
  resolved "https://registry.npmmirror.com/@steedos-labs/oa/download/@steedos-labs/oa-2.1.46.tgz#8805973d56bc493789c42b6b021f6446883a5a98"
  integrity sha512-YK219meTkA+gqISKZlKPdIUaOB3gOVzJ1xJlUpa3euuUCMAphIBXmElM5Dg0hYXTkucqmAk4CCwi4HYULahNmg==

"@steedos-labs/workflow@2.1.46":
  version "2.1.46"
  resolved "https://registry.npmmirror.com/@steedos-labs/workflow/download/@steedos-labs/workflow-2.1.46.tgz#f123666881d0527ab7f56ab706a60232170ae9b7"
  integrity sha512-M0zzmH2XJNEGFpdBNj7RmLlNCYE0ToYRfrXIuoKycgY2rqieQNVxYqCFl+MTvtVrRgsTAut0NEBDkNc5ikwR/g==
