{
  "dependencies": {
    "MD5": {
      "version": "1.3.0",
      "resolved": "https://registry.npmjs.org/MD5/-/MD5-1.3.0.tgz",
      "from": "MD5@1.3.0"
    },
    "busboy": {
      "version": "0.2.13",
      "resolved": "https://registry.npmjs.org/busboy/-/busboy-0.2.13.tgz",
      "from": "busboy@0.2.13"
    },
    "charenc": {
      "version": "0.0.2",
      "resolved": "https://registry.npmjs.org/charenc/-/charenc-0.0.2.tgz",
      "from": "charenc@>=0.0.1"
    },
    "core-util-is": {
      "version": "1.0.2",
      "resolved": "https://registry.npmjs.org/core-util-is/-/core-util-is-1.0.2.tgz",
      "from": "core-util-is@>=1.0.0 <1.1.0"
    },
    "crypt": {
      "version": "0.0.2",
      "resolved": "https://registry.npmjs.org/crypt/-/crypt-0.0.2.tgz",
      "from": "crypt@>=0.0.1"
    },
    "dicer": {
      "version": "0.2.5",
      "resolved": "https://registry.npmjs.org/dicer/-/dicer-0.2.5.tgz",
      "from": "dicer@0.2.5"
    },
    "ical.js": {
      "version": "1.2.2",
      "resolved": "https://registry.npmjs.org/ical.js/-/ical.js-1.2.2.tgz",
      "from": "ical.js@1.2.2"
    },
    "icalendar": {
      "version": "0.7.1",
      "resolved": "https://registry.npmjs.org/icalendar/-/icalendar-0.7.1.tgz",
      "from": "icalendar@0.7.1"
    },
    "inherits": {
      "version": "2.0.3",
      "resolved": "https://registry.npmjs.org/inherits/-/inherits-2.0.3.tgz",
      "from": "inherits@>=2.0.1 <2.1.0"
    },
    "isarray": {
      "version": "0.0.1",
      "resolved": "https://registry.npmjs.org/isarray/-/isarray-0.0.1.tgz",
      "from": "isarray@0.0.1"
    },
    "mkdirp": {
      "version": "0.3.5",
      "resolved": "https://registry.npmjs.org/mkdirp/-/mkdirp-0.3.5.tgz",
      "from": "mkdirp@0.3.5"
    },
    "moment": {
      "version": "2.20.1",
      "resolved": "https://registry.npmjs.org/moment/-/moment-2.20.1.tgz",
      "from": "moment@>=2.9.0"
    },
    "moment-timezone": {
      "version": "0.5.13",
      "resolved": "https://registry.npmjs.org/moment-timezone/-/moment-timezone-0.5.13.tgz",
      "from": "moment-timezone@0.5.13"
    },
    "odata-v4-literal": {
      "version": "0.1.1",
      "resolved": "https://registry.npmjs.org/odata-v4-literal/-/odata-v4-literal-0.1.1.tgz",
      "from": "odata-v4-literal@>=0.1.0 <0.2.0"
    },
    "odata-v4-mongodb": {
      "version": "0.1.12",
      "resolved": "git+https://github.com/steedos/odata-v4-mongodb.git#037d6d5ed9cb598a9a45eb99247371fa87f9cc35",
      "from": "git+https://github.com/steedos/odata-v4-mongodb.git#master"
    },
    "odata-v4-parser": {
      "version": "0.1.25",
      "resolved": "git+https://github.com/steedos/odata-v4-parser.git#4b0fca7c0d3a8335a1e2b710d201a3107a767067",
      "from": "git+https://github.com/steedos/odata-v4-parser.git#master"
    },
    "readable-stream": {
      "version": "1.1.14",
      "resolved": "https://registry.npmjs.org/readable-stream/-/readable-stream-1.1.14.tgz",
      "from": "readable-stream@>=1.1.0 <1.2.0"
    },
    "sax": {
      "version": "1.2.4",
      "resolved": "https://registry.npmjs.org/sax/-/sax-1.2.4.tgz",
      "from": "sax@>=0.6.0"
    },
    "streamsearch": {
      "version": "0.1.2",
      "resolved": "https://registry.npmjs.org/streamsearch/-/streamsearch-0.1.2.tgz",
      "from": "streamsearch@0.1.2"
    },
    "string_decoder": {
      "version": "0.10.31",
      "resolved": "https://registry.npmjs.org/string_decoder/-/string_decoder-0.10.31.tgz",
      "from": "string_decoder@>=0.10.0 <0.11.0"
    },
    "xml2js": {
      "version": "0.4.19",
      "resolved": "https://registry.npmjs.org/xml2js/-/xml2js-0.4.19.tgz",
      "from": "xml2js@0.4.19"
    },
    "xmlbuilder": {
      "version": "9.0.4",
      "resolved": "https://registry.npmjs.org/xmlbuilder/-/xmlbuilder-9.0.4.tgz",
      "from": "xmlbuilder@>=9.0.1 <9.1.0"
    }
  }
}
