# THIS IS AN AUTOGENERATED FILE. DO NOT EDIT THIS FILE DIRECTLY.
# yarn lockfile v1


"@steedos-labs/contract@2.1.62":
  version "2.1.62"
  resolved "https://registry.yarnpkg.com/@steedos-labs/contract/-/contract-2.1.62.tgz#f43c197bc5153e78e3607cd5d1b41110c23bbfae"
  integrity sha512-Mdu4/Nb52MfjdtL30uhnYCx/1k0QIhQ/e8sj8vOMdq2T11GuUqMFTVq8PDhCLnChy5Jmrjsz6zKjmaIp05zppw==

"@steedos-labs/master@2.1.61":
  version "2.1.61"
  resolved "https://registry.yarnpkg.com/@steedos-labs/master/-/master-2.1.61.tgz#d81a1207a64a30e0f3b32c27e7d04d69fc5a76a4"
  integrity sha512-HbDccgiQVjc2GN5U/KSQ3tuhvpUrPSjPX3IfpIb9/yaYiZb+CGDPgORKo7FWDwSO6IEL8KHZRRGTJqtb4MZnCw==

"@steedos-labs/oa@2.1.61":
  version "2.1.61"
  resolved "https://registry.yarnpkg.com/@steedos-labs/oa/-/oa-2.1.61.tgz#eb8884518961005ab82ccbd230f41010edc3a959"
  integrity sha512-2BEUtmRs0qBLcfuQA9Ou0b8srcEquSo0CdpEMxfV/bLjyWJs+xS1bwcmNVGJeMRHgw9NHroMln7hAhBOQRiQvg==

"@steedos-labs/project@2.1.62":
  version "2.1.62"
  resolved "https://registry.yarnpkg.com/@steedos-labs/project/-/project-2.1.62.tgz#18ebafd383bb3b4814d6da96697202645ad47a57"
  integrity sha512-MvLijB5UsxbfAtIzO1uxM1DWDgQ2XDGx8r+hHp4AA0ZmpZ160kkCaNtZAvVQiWWjzH8Tws9uJ4i2r5758fThBQ==

"@steedos-labs/workflow@2.1.45":
  version "2.1.45"
  resolved "https://registry.yarnpkg.com/@steedos-labs/workflow/-/workflow-2.1.45.tgz#8b518191abe3631e0299cfe2667c6e5d20942be3"
  integrity sha512-tcW6Uc/eO6TZy2db4bHvjakV/Qz6iESLT24YR2vKqxiwS6OOl2k7ofjY6lWVThPXYP7/ctJgphyvHoP4lu9NLg==
