# THIS IS AN AUTOGENERATED FILE. DO NOT EDIT THIS FILE DIRECTLY.
# yarn lockfile v1


"@steedos-labs/oa@2.1":
  version "2.1.64"
  resolved "https://registry.yarnpkg.com/@steedos-labs/oa/-/oa-2.1.64.tgz#3e27dbf9b17c4d56c60d1c2f4fc2a446aa17c245"
  integrity sha512-bCtQluSoR4eV1jhb/a3BNUyh3b4PrBN1Ukcg4eZAtFiLgML/xrN2NSAnpjJ1Kw2jAQXO4dCKFO1oOxuzQT3SwA==

"@steedos-labs/project@2.1.63":
  version "2.1.63"
  resolved "https://registry.yarnpkg.com/@steedos-labs/project/-/project-2.1.63.tgz#8558efca56dd5c551b12cf841a92b1149f1f04db"
  integrity sha512-xZ4HHomxi0Hichzq7soAVJIMW4i2NHk9+3FN9IJw7tZNUnqJK3mBqXBRQ9T2cUPFN837RN2AO24XoMX9uQvofA==
