# THIS IS AN AUTOGENERATED FILE. DO NOT EDIT THIS FILE DIRECTLY.
# yarn lockfile v1


"@steedos-labs/master@2.1.17":
  version "2.1.17"
  resolved "https://registry.yarnpkg.com/@steedos-labs/master/-/master-2.1.17.tgz#0dd693da48c46b0975c5bb9740d88c149390bcc2"
  integrity sha512-uFUxqq9FkSfq+8xc8rTT/FbyDB+C5/cwhFxO/G5OcTLZDuML2T7JpxecbymYISds8Sgg5a5gOe8x5Fv/+krEWQ==

"@steedos-labs/oa@2.1.20":
  version "2.1.20"
  resolved "https://registry.yarnpkg.com/@steedos-labs/oa/-/oa-2.1.20.tgz#4942d2694246d0abfea31b623981c563bf086c5b"
  integrity sha512-o0KaDuw8g4n4FcrrNlPJQyrGGiREm56RwA6scFhi4CTGkV/D6Tyz7EMuZgsvUaha8SUFFKWDFccWwWKdaOHvJg==
  dependencies:
    "@steedos/app-contracts" "2.0.51"
    "@steedos/app-crm" "2.0.51"

"@steedos/app-contracts@2.0.51":
  version "2.0.51"
  resolved "https://registry.nlark.com/@steedos/app-contracts/download/@steedos/app-contracts-2.0.51.tgz#9867ca5c2efb28f17172edd4126382e1689069f0"
  integrity sha1-mGfKXC77KPFxcu3UEmOC4WiQafA=

"@steedos/app-crm@2.0.51":
  version "2.0.51"
  resolved "https://registry.nlark.com/@steedos/app-crm/download/@steedos/app-crm-2.0.51.tgz#2db47346be1afc38a5f05b37efe3b79d30c25eab"
  integrity sha1-LbRzRr4a/Dil8Fs37+O3nTDCXqs=
